
Microsoft Visual Studio Solution File, Format Version 12.00
# Visual Studio Version 17
VisualStudioVersion = 17.8.34525.116
MinimumVisualStudioVersion = 10.0.40219.1
Project("{9A19103F-16F7-4668-BE54-9A1E7A4F7556}") = "Stage1", "Stage1\Stage1.csproj", "{9DD6DD59-967A-4AB8-8B8C-F16B73625AEE}"
EndProject
Project("{9A19103F-16F7-4668-BE54-9A1E7A4F7556}") = "ApiGateway", "..\ApiGateway\ApiGateway\ApiGateway.csproj", "{FA4B8984-3918-4B23-82CA-28CCC7714D27}"
EndProject
Project("{FAE04EC0-301F-11D3-BF4B-00C04F79EFBC}") = "Delivery", "Delivery\Delivery.csproj", "{799D9103-03A7-4074-81AE-FE6A63195334}"
EndProject
Global
	GlobalSection(SolutionConfigurationPlatforms) = preSolution
		Debug|Any CPU = Debug|Any CPU
		Release|Any CPU = Release|Any CPU
	EndGlobalSection
	GlobalSection(ProjectConfigurationPlatforms) = postSolution
		{9DD6DD59-967A-4AB8-8B8C-F16B73625AEE}.Debug|Any CPU.ActiveCfg = Debug|Any CPU
		{9DD6DD59-967A-4AB8-8B8C-F16B73625AEE}.Debug|Any CPU.Build.0 = Debug|Any CPU
		{9DD6DD59-967A-4AB8-8B8C-F16B73625AEE}.Release|Any CPU.ActiveCfg = Release|Any CPU
		{9DD6DD59-967A-4AB8-8B8C-F16B73625AEE}.Release|Any CPU.Build.0 = Release|Any CPU
		{FA4B8984-3918-4B23-82CA-28CCC7714D27}.Debug|Any CPU.ActiveCfg = Debug|Any CPU
		{FA4B8984-3918-4B23-82CA-28CCC7714D27}.Debug|Any CPU.Build.0 = Debug|Any CPU
		{FA4B8984-3918-4B23-82CA-28CCC7714D27}.Release|Any CPU.ActiveCfg = Release|Any CPU
		{FA4B8984-3918-4B23-82CA-28CCC7714D27}.Release|Any CPU.Build.0 = Release|Any CPU
		{799D9103-03A7-4074-81AE-FE6A63195334}.Debug|Any CPU.ActiveCfg = Debug|Any CPU
		{799D9103-03A7-4074-81AE-FE6A63195334}.Debug|Any CPU.Build.0 = Debug|Any CPU
		{799D9103-03A7-4074-81AE-FE6A63195334}.Release|Any CPU.ActiveCfg = Release|Any CPU
		{799D9103-03A7-4074-81AE-FE6A63195334}.Release|Any CPU.Build.0 = Release|Any CPU
	EndGlobalSection
	GlobalSection(SolutionProperties) = preSolution
		HideSolutionNode = FALSE
	EndGlobalSection
	GlobalSection(ExtensibilityGlobals) = postSolution
		SolutionGuid = {F700F3A5-0388-4131-A90D-ECE942DB59A6}
	EndGlobalSection
EndGlobal
